
Microsoft Visual Studio Solution File, Format Version 12.00
# Visual Studio 15
VisualStudioVersion = 15.0.27428.2015
MinimumVisualStudioVersion = 10.0.40219.1
Project("{FAE04EC0-301F-11D3-BF4B-00C04F79EFBC}") = "Blath3", "Blath3\Blath3.csproj", "{7304C5A2-6905-4873-8457-22D947A2CD9C}"
EndProject
Global
	GlobalSection(SolutionConfigurationPlatforms) = preSolution
		Debug|Any CPU = Debug|Any CPU
		Release|Any CPU = Release|Any CPU
	EndGlobalSection
	GlobalSection(ProjectConfigurationPlatforms) = postSolution
		{7304C5A2-6905-4873-8457-22D947A2CD9C}.Debug|Any CPU.ActiveCfg = Debug|Any CPU
		{7304C5A2-6905-4873-8457-22D947A2CD9C}.Debug|Any CPU.Build.0 = Debug|Any CPU
		{7304C5A2-6905-4873-8457-22D947A2CD9C}.Release|Any CPU.ActiveCfg = Release|Any CPU
		{7304C5A2-6905-4873-8457-22D947A2CD9C}.Release|Any CPU.Build.0 = Release|Any CPU
	EndGlobalSection
	GlobalSection(SolutionProperties) = preSolution
		HideSolutionNode = FALSE
	EndGlobalSection
	GlobalSection(ExtensibilityGlobals) = postSolution
		SolutionGuid = {C58EF9C5-8A70-49F4-A3FE-BB6B87074487}
	EndGlobalSection
EndGlobal
